# This file is automatically @generated by Poetry 2.3.2 and should not be changed by hand.

[[package]]
name = "colorama"
version = "0.4.6"
description = "Cross-platform colored terminal text."
optional = false
python-versions = "!=3.0.*,!=3.1.*,!=3.2.*,!=3.3.*,!=3.4.*,!=3.5.*,!=3.6.*,>=2.7"
groups = ["dev"]
markers = "sys_platform == \"win32\""
files = [
    {file = "colorama-0.4.6-py2.py3-none-any.whl", hash = "sha256:4f1d9991f5acc0ca119f9d443620b77f9d6b33703e51011c16baf57afb285fc6"},
    {file = "colorama-0.4.6.tar.gz", hash = "sha256:08695f5cb7ed6e0531a20572697297273c47b8cae5a63ffc6d6ed5c201be6e44"},
]

[[package]]
name = "et-xmlfile"
version = "2.0.0"
description = "An implementation of lxml.xmlfile for the standard library"
optional = false
python-versions = ">=3.8"
groups = ["main"]
files = [
    {file = "et_xmlfile-2.0.0-py3-none-any.whl", hash = "sha256:7a91720bc756843502c3b7504c77b8fe44217c85c537d85037f0f536151b2caa"},
    {file = "et_xmlfile-2.0.0.tar.gz", hash = "sha256:dab3f4764309081ce75662649be815c4c9081e88f0837825f90fd28317d4da54"},
]

[[package]]
name = "faker"
version = "40.4.0"
description = "Faker is a Python package that generates fake data for you."
optional = false
python-versions = ">=3.10"
groups = ["main"]
files = [
    {file = "faker-40.4.0-py3-none-any.whl", hash = "sha256:486d43c67ebbb136bc932406418744f9a0bdf2c07f77703ea78b58b77e9aa443"},
    {file = "faker-40.4.0.tar.gz", hash = "sha256:76f8e74a3df28c3e2ec2caafa956e19e37a132fdc7ea067bc41783affcfee364"},
]

[package.dependencies]
tzdata = {version = "*", markers = "platform_system == \"Windows\""}

[package.extras]
tzdata = ["tzdata"]

[[package]]
name = "iniconfig"
version = "2.3.0"
description = "brain-dead simple config-ini parsing"
optional = false
python-versions = ">=3.10"
groups = ["dev"]
files = [
    {file = "iniconfig-2.3.0-py3-none-any.whl", hash = "sha256:f631c04d2c48c52b84d0d0549c99ff3859c98df65b3101406327ecc7d53fbf12"},
    {file = "iniconfig-2.3.0.tar.gz", hash = "sha256:c76315c77db068650d49c5b56314774a7804df16fee4402c1f19d6d15d8c4730"},
]

[[package]]
name = "numpy"
version = "1.26.4"
description = "Fundamental package for array computing in Python"
optional = false
python-versions = ">=3.9"
groups = ["main"]
files = [
    {file = "numpy-1.26.4-cp310-cp310-macosx_10_9_x86_64.whl", hash = "sha256:9ff0f4f29c51e2803569d7a51c2304de5554655a60c5d776e35b4a41413830d0"},
    {file = "numpy-1.26.4-cp310-cp310-macosx_11_0_arm64.whl", hash = "sha256:2e4ee3380d6de9c9ec04745830fd9e2eccb3e6cf790d39d7b98ffd19b0dd754a"},
    {file = "numpy-1.26.4-cp310-cp310-manylinux_2_17_aarch64.manylinux2014_aarch64.whl", hash = "sha256:d209d8969599b27ad20994c8e41936ee0964e6da07478d6c35016bc386b66ad4"},
    {file = "numpy-1.26.4-cp310-cp310-manylinux_2_17_x86_64.manylinux2014_x86_64.whl", hash = "sha256:ffa75af20b44f8dba823498024771d5ac50620e6915abac414251bd971b4529f"},
    {file = "numpy-1.26.4-cp310-cp310-musllinux_1_1_aarch64.whl", hash = "sha256:62b8e4b1e28009ef2846b4c7852046736bab361f7aeadeb6a5b89ebec3c7055a"},
    {file = "numpy-1.26.4-cp310-cp310-musllinux_1_1_x86_64.whl", hash = "sha256:a4abb4f9001ad2858e7ac189089c42178fcce737e4169dc61321660f1a96c7d2"},
    {file = "numpy-1.26.4-cp310-cp310-win32.whl", hash = "sha256:bfe25acf8b437eb2a8b2d49d443800a5f18508cd811fea3181723922a8a82b07"},
    {file = "numpy-1.26.4-cp310-cp310-win_amd64.whl", hash = "sha256:b97fe8060236edf3662adfc2c633f56a08ae30560c56310562cb4f95500022d5"},
    {file = "numpy-1.26.4-cp311-cp311-macosx_10_9_x86_64.whl", hash = "sha256:4c66707fabe114439db9068ee468c26bbdf909cac0fb58686a42a24de1760c71"},
    {file = "numpy-1.26.4-cp311-cp311-macosx_11_0_arm64.whl", hash = "sha256:edd8b5fe47dab091176d21bb6de568acdd906d1887a4584a15a9a96a1dca06ef"},
    {file = "numpy-1.26.4-cp311-cp311-manylinux_2_17_aarch64.manylinux2014_aarch64.whl", hash = "sha256:7ab55401287bfec946ced39700c053796e7cc0e3acbef09993a9ad2adba6ca6e"},
    {file = "numpy-1.26.4-cp311-cp311-manylinux_2_17_x86_64.manylinux2014_x86_64.whl", hash = "sha256:666dbfb6ec68962c033a450943ded891bed2d54e6755e35e5835d63f4f6931d5"},
    {file = "numpy-1.26.4-cp311-cp311-musllinux_1_1_aarch64.whl", hash = "sha256:96ff0b2ad353d8f990b63294c8986f1ec3cb19d749234014f4e7eb0112ceba5a"},
    {file = "numpy-1.26.4-cp311-cp311-musllinux_1_1_x86_64.whl", hash = "sha256:60dedbb91afcbfdc9bc0b1f3f402804070deed7392c23eb7a7f07fa857868e8a"},
    {file = "numpy-1.26.4-cp311-cp311-win32.whl", hash = "sha256:1af303d6b2210eb850fcf03064d364652b7120803a0b872f5211f5234b399f20"},
    {file = "numpy-1.26.4-cp311-cp311-win_amd64.whl", hash = "sha256:cd25bcecc4974d09257ffcd1f098ee778f7834c3ad767fe5db785be9a4aa9cb2"},
    {file = "numpy-1.26.4-cp312-cp312-macosx_10_9_x86_64.whl", hash = "sha256:b3ce300f3644fb06443ee2222c2201dd3a89ea6040541412b8fa189341847218"},
    {file = "numpy-1.26.4-cp312-cp312-macosx_11_0_arm64.whl", hash = "sha256:03a8c78d01d9781b28a6989f6fa1bb2c4f2d51201cf99d3dd875df6fbd96b23b"},
    {file = "numpy-1.26.4-cp312-cp312-manylinux_2_17_aarch64.manylinux2014_aarch64.whl", hash = "sha256:9fad7dcb1aac3c7f0584a5a8133e3a43eeb2fe127f47e3632d43d677c66c102b"},
    {file = "numpy-1.26.4-cp312-cp312-manylinux_2_17_x86_64.manylinux2014_x86_64.whl", hash = "sha256:675d61ffbfa78604709862923189bad94014bef562cc35cf61d3a07bba02a7ed"},
    {file = "numpy-1.26.4-cp312-cp312-musllinux_1_1_aarch64.whl", hash = "sha256:ab47dbe5cc8210f55aa58e4805fe224dac469cde56b9f731a4c098b91917159a"},
    {file = "numpy-1.26.4-cp312-cp312-musllinux_1_1_x86_64.whl", hash = "sha256:1dda2e7b4ec9dd512f84935c5f126c8bd8b9f2fc001e9f54af255e8c5f16b0e0"},
    {file = "numpy-1.26.4-cp312-cp312-win32.whl", hash = "sha256:50193e430acfc1346175fcbdaa28ffec49947a06918b7b92130744e81e640110"},
    {file = "numpy-1.26.4-cp312-cp312-win_amd64.whl", hash = "sha256:08beddf13648eb95f8d867350f6a018a4be2e5ad54c8d8caed89ebca558b2818"},
    {file = "numpy-1.26.4-cp39-cp39-macosx_10_9_x86_64.whl", hash = "sha256:7349ab0fa0c429c82442a27a9673fc802ffdb7c7775fad780226cb234965e53c"},
    {file = "numpy-1.26.4-cp39-cp39-macosx_11_0_arm64.whl", hash = "sha256:52b8b60467cd7dd1e9ed082188b4e6bb35aa5cdd01777621a1658910745b90be"},
    {file = "numpy-1.26.4-cp39-cp39-manylinux_2_17_aarch64.manylinux2014_aarch64.whl", hash = "sha256:d5241e0a80d808d70546c697135da2c613f30e28251ff8307eb72ba696945764"},
    {file = "numpy-1.26.4-cp39-cp39-manylinux_2_17_x86_64.manylinux2014_x86_64.whl", hash = "sha256:f870204a840a60da0b12273ef34f7051e98c3b5961b61b0c2c1be6dfd64fbcd3"},
    {file = "numpy-1.26.4-cp39-cp39-musllinux_1_1_aarch64.whl", hash = "sha256:679b0076f67ecc0138fd2ede3a8fd196dddc2ad3254069bcb9faf9a79b1cebcd"},
    {file = "numpy-1.26.4-cp39-cp39-musllinux_1_1_x86_64.whl", hash = "sha256:47711010ad8555514b434df65f7d7b076bb8261df1ca9bb78f53d3b2db02e95c"},
    {file = "numpy-1.26.4-cp39-cp39-win32.whl", hash = "sha256:a354325ee03388678242a4d7ebcd08b5c727033fcff3b2f536aea978e15ee9e6"},
    {file = "numpy-1.26.4-cp39-cp39-win_amd64.whl", hash = "sha256:3373d5d70a5fe74a2c1bb6d2cfd9609ecf686d47a2d7b1d37a8f3b6bf6003aea"},
    {file = "numpy-1.26.4-pp39-pypy39_pp73-macosx_10_9_x86_64.whl", hash = "sha256:afedb719a9dcfc7eaf2287b839d8198e06dcd4cb5d276a3df279231138e83d30"},
    {file = "numpy-1.26.4-pp39-pypy39_pp73-manylinux_2_17_x86_64.manylinux2014_x86_64.whl", hash = "sha256:95a7476c59002f2f6c590b9b7b998306fba6a5aa646b1e22ddfeaf8f78c3a29c"},
    {file = "numpy-1.26.4-pp39-pypy39_pp73-win_amd64.whl", hash = "sha256:7e50d0a0cc3189f9cb0aeb3a6a6af18c16f59f004b866cd2be1c14b36134a4a0"},
    {file = "numpy-1.26.4.tar.gz", hash = "sha256:2a02aba9ed12e4ac4eb3ea9421c420301a0c6460d9830d74a9df87efa4912010"},
]

[[package]]
name = "openpyxl"
version = "3.1.5"
description = "A Python library to read/write Excel 2010 xlsx/xlsm files"
optional = false
python-versions = ">=3.8"
groups = ["main"]
files = [
    {file = "openpyxl-3.1.5-py2.py3-none-any.whl", hash = "sha256:5282c12b107bffeef825f4617dc029afaf41d0ea60823bbb665ef3079dc79de2"},
    {file = "openpyxl-3.1.5.tar.gz", hash = "sha256:cf0e3cf56142039133628b5acffe8ef0c12bc902d2aadd3e0fe5878dc08d1050"},
]

[package.dependencies]
et-xmlfile = "*"

[[package]]
name = "packaging"
version = "26.0"
description = "Core utilities for Python packages"
optional = false
python-versions = ">=3.8"
groups = ["dev"]
files = [
    {file = "packaging-26.0-py3-none-any.whl", hash = "sha256:b36f1fef9334a5588b4166f8bcd26a14e521f2b55e6b9de3aaa80d3ff7a37529"},
    {file = "packaging-26.0.tar.gz", hash = "sha256:00243ae351a257117b6a241061796684b084ed1c516a08c48a3f7e147a9d80b4"},
]

[[package]]
name = "pandas"
version = "2.3.3"
description = "Powerful data structures for data analysis, time series, and statistics"
optional = false
python-versions = ">=3.9"
groups = ["main"]
markers = "python_version >= \"3.14\""
files = [
    {file = "pandas-2.3.3-cp310-cp310-macosx_10_9_x86_64.whl", hash = "sha256:376c6446ae31770764215a6c937f72d917f214b43560603cd60da6408f183b6c"},
    {file = "pandas-2.3.3-cp310-cp310-macosx_11_0_arm64.whl", hash = "sha256:e19d192383eab2f4ceb30b412b22ea30690c9e618f78870357ae1d682912015a"},
    {file = "pandas-2.3.3-cp310-cp310-manylinux_2_24_aarch64.manylinux_2_28_aarch64.whl", hash = "sha256:5caf26f64126b6c7aec964f74266f435afef1c1b13da3b0636c7518a1fa3e2b1"},
    {file = "pandas-2.3.3-cp310-cp310-manylinux_2_24_x86_64.manylinux_2_28_x86_64.whl", hash = "sha256:dd7478f1463441ae4ca7308a70e90b33470fa593429f9d4c578dd00d1fa78838"},
    {file = "pandas-2.3.3-cp310-cp310-musllinux_1_2_aarch64.whl", hash = "sha256:4793891684806ae50d1288c9bae9330293ab4e083ccd1c5e383c34549c6e4250"},
    {file = "pandas-2.3.3-cp310-cp310-musllinux_1_2_x86_64.whl", hash = "sha256:28083c648d9a99a5dd035ec125d42439c6c1c525098c58af0fc38dd1a7a1b3d4"},
    {file = "pandas-2.3.3-cp310-cp310-win_amd64.whl", hash = "sha256:503cf027cf9940d2ceaa1a93cfb5f8c8c7e6e90720a2850378f0b3f3b1e06826"},
    {file = "pandas-2.3.3-cp311-cp311-macosx_10_9_x86_64.whl", hash = "sha256:602b8615ebcc4a0c1751e71840428ddebeb142ec02c786e8ad6b1ce3c8dec523"},
    {file = "pandas-2.3.3-cp311-cp311-macosx_11_0_arm64.whl", hash = "sha256:8fe25fc7b623b0ef6b5009149627e34d2a4657e880948ec3c840e9402e5c1b45"},
    {file = "pandas-2.3.3-cp311-cp311-manylinux_2_24_aarch64.manylinux_2_28_aarch64.whl", hash = "sha256:b468d3dad6ff947df92dcb32ede5b7bd41a9b3cceef0a30ed925f6d01fb8fa66"},
    {file = "pandas-2.3.3-cp311-cp311-manylinux_2_24_x86_64.manylinux_2_28_x86_64.whl", hash = "sha256:b98560e98cb334799c0b07ca7967ac361a47326e9b4e5a7dfb5ab2b1c9d35a1b"},
    {file = "pandas-2.3.3-cp311-cp311-musllinux_1_2_aarch64.whl", hash = "sha256:1d37b5848ba49824e5c30bedb9c830ab9b7751fd049bc7914533e01c65f79791"},
    {file = "pandas-2.3.3-cp311-cp311-musllinux_1_2_x86_64.whl", hash = "sha256:db4301b2d1f926ae677a751eb2bd0e8c5f5319c9cb3f88b0becbbb0b07b34151"},
    {file = "pandas-2.3.3-cp311-cp311-win_amd64.whl", hash = "sha256:f086f6fe114e19d92014a1966f43a3e62285109afe874f067f5abbdcbb10e59c"},
    {file = "pandas-2.3.3-cp312-cp312-macosx_10_13_x86_64.whl", hash = "sha256:6d21f6d74eb1725c2efaa71a2bfc661a0689579b58e9c0ca58a739ff0b002b53"},
    {file = "pandas-2.3.3-cp312-cp312-macosx_11_0_arm64.whl", hash = "sha256:3fd2f887589c7aa868e02632612ba39acb0b8948faf5cc58f0850e165bd46f35"},
    {file = "pandas-2.3.3-cp312-cp312-manylinux_2_24_aarch64.manylinux_2_28_aarch64.whl", hash = "sha256:ecaf1e12bdc03c86ad4a7ea848d66c685cb6851d807a26aa245ca3d2017a1908"},
    {file = "pandas-2.3.3-cp312-cp312-manylinux_2_24_x86_64.manylinux_2_28_x86_64.whl", hash = "sha256:b3d11d2fda7eb164ef27ffc14b4fcab16a80e1ce67e9f57e19ec0afaf715ba89"},
    {file = "pandas-2.3.3-cp312-cp312-musllinux_1_2_aarch64.whl", hash = "sha256:a68e15f780eddf2b07d242e17a04aa187a7ee12b40b930bfdd78070556550e98"},
    {file = "pandas-2.3.3-cp312-cp312-musllinux_1_2_x86_64.whl", hash = "sha256:371a4ab48e950033bcf52b6527eccb564f52dc826c02afd9a1bc0ab731bba084"},
    {file = "pandas-2.3.3-cp312-cp312-win_amd64.whl", hash = "sha256:a16dcec078a01eeef8ee61bf64074b4e524a2a3f4b3be9326420cabe59c4778b"},
    {file = "pandas-2.3.3-cp313-cp313-macosx_10_13_x86_64.whl", hash = "sha256:56851a737e3470de7fa88e6131f41281ed440d29a9268dcbf0002da5ac366713"},
    {file = "pandas-2.3.3-cp313-cp313-macosx_11_0_arm64.whl", hash = "sha256:bdcd9d1167f4885211e401b3036c0c8d9e274eee67ea8d0758a256d60704cfe8"},
    {file = "pandas-2.3.3-cp313-cp313-manylinux_2_24_aarch64.manylinux_2_28_aarch64.whl", hash = "sha256:e32e7cc9af0f1cc15548288a51a3b681cc2a219faa838e995f7dc53dbab1062d"},
    {file = "pandas-2.3.3-cp313-cp313-manylinux_2_24_x86_64.manylinux_2_28_x86_64.whl", hash = "sha256:318d77e0e42a628c04dc56bcef4b40de67918f7041c2b061af1da41dcff670ac"},
    {file = "pandas-2.3.3-cp313-cp313-musllinux_1_2_aarch64.whl", hash = "sha256:4e0a175408804d566144e170d0476b15d78458795bb18f1304fb94160cabf40c"},
    {file = "pandas-2.3.3-cp313-cp313-musllinux_1_2_x86_64.whl", hash = "sha256:93c2d9ab0fc11822b5eece72ec9587e172f63cff87c00b062f6e37448ced4493"},
    {file = "pandas-2.3.3-cp313-cp313-win_amd64.whl", hash = "sha256:f8bfc0e12dc78f777f323f55c58649591b2cd0c43534e8355c51d3fede5f4dee"},
    {file = "pandas-2.3.3-cp313-cp313t-macosx_10_13_x86_64.whl", hash = "sha256:75ea25f9529fdec2d2e93a42c523962261e567d250b0013b16210e1d40d7c2e5"},
    {file = "pandas-2.3.3-cp313-cp313t-macosx_11_0_arm64.whl", hash = "sha256:74ecdf1d301e812db96a465a525952f4dde225fdb6d8e5a521d47e1f42041e21"},
    {file = "pandas-2.3.3-cp313-cp313t-manylinux_2_24_aarch64.manylinux_2_28_aarch64.whl", hash = "sha256:6435cb949cb34ec11cc9860246ccb2fdc9ecd742c12d3304989017d53f039a78"},
    {file = "pandas-2.3.3-cp313-cp313t-manylinux_2_24_x86_64.manylinux_2_28_x86_64.whl", hash = "sha256:900f47d8f20860de523a1ac881c4c36d65efcb2eb850e6948140fa781736e110"},
    {file = "pandas-2.3.3-cp313-cp313t-musllinux_1_2_aarch64.whl", hash = "sha256:a45c765238e2ed7d7c608fc5bc4a6f88b642f2f01e70c0c23d2224dd21829d86"},
    {file = "pandas-2.3.3-cp313-cp313t-musllinux_1_2_x86_64.whl", hash = "sha256:c4fc4c21971a1a9f4bdb4c73978c7f7256caa3e62b323f70d6cb80db583350bc"},
    {file = "pandas-2.3.3-cp314-cp314-macosx_10_13_x86_64.whl", hash = "sha256:ee15f284898e7b246df8087fc82b87b01686f98ee67d85a17b7ab44143a3a9a0"},
    {file = "pandas-2.3.3-cp314-cp314-macosx_11_0_arm64.whl", hash = "sha256:1611aedd912e1ff81ff41c745822980c49ce4a7907537be8692c8dbc31924593"},
    {file = "pandas-2.3.3-cp314-cp314-manylinux_2_24_aarch64.manylinux_2_28_aarch64.whl", hash = "sha256:6d2cefc361461662ac48810cb14365a365ce864afe85ef1f447ff5a1e99ea81c"},
    {file = "pandas-2.3.3-cp314-cp314-manylinux_2_24_x86_64.manylinux_2_28_x86_64.whl", hash = "sha256:ee67acbbf05014ea6c763beb097e03cd629961c8a632075eeb34247120abcb4b"},
    {file = "pandas-2.3.3-cp314-cp314-musllinux_1_2_aarch64.whl", hash = "sha256:c46467899aaa4da076d5abc11084634e2d197e9460643dd455ac3db5856b24d6"},
    {file = "pandas-2.3.3-cp314-cp314-musllinux_1_2_x86_64.whl", hash = "sha256:6253c72c6a1d990a410bc7de641d34053364ef8bcd3126f7e7450125887dffe3"},
    {file = "pandas-2.3.3-cp314-cp314-win_amd64.whl", hash = "sha256:1b07204a219b3b7350abaae088f451860223a52cfb8a6c53358e7948735158e5"},
    {file = "pandas-2.3.3-cp314-cp314t-macosx_10_13_x86_64.whl", hash = "sha256:2462b1a365b6109d275250baaae7b760fd25c726aaca0054649286bcfbb3e8ec"},
    {file = "pandas-2.3.3-cp314-cp314t-macosx_11_0_arm64.whl", hash = "sha256:0242fe9a49aa8b4d78a4fa03acb397a58833ef6199e9aa40a95f027bb3a1b6e7"},
    {file = "pandas-2.3.3-cp314-cp314t-manylinux_2_24_aarch64.manylinux_2_28_aarch64.whl", hash = "sha256:a21d830e78df0a515db2b3d2f5570610f5e6bd2e27749770e8bb7b524b89b450"},
    {file = "pandas-2.3.3-cp314-cp314t-manylinux_2_24_x86_64.manylinux_2_28_x86_64.whl", hash = "sha256:2e3ebdb170b5ef78f19bfb71b0dc5dc58775032361fa188e814959b74d726dd5"},
    {file = "pandas-2.3.3-cp314-cp314t-musllinux_1_2_aarch64.whl", hash = "sha256:d051c0e065b94b7a3cea50eb1ec32e912cd96dba41647eb24104b6c6c14c5788"},
    {file = "pandas-2.3.3-cp314-cp314t-musllinux_1_2_x86_64.whl", hash = "sha256:3869faf4bd07b3b66a9f462417d0ca3a9df29a9f6abd5d0d0dbab15dac7abe87"},
    {file = "pandas-2.3.3-cp39-cp39-macosx_10_9_x86_64.whl", hash = "sha256:c503ba5216814e295f40711470446bc3fd00f0faea8a086cbc688808e26f92a2"},
    {file = "pandas-2.3.3-cp39-cp39-macosx_11_0_arm64.whl", hash = "sha256:a637c5cdfa04b6d6e2ecedcb81fc52ffb0fd78ce2ebccc9ea964df9f658de8c8"},
    {file = "pandas-2.3.3-cp39-cp39-manylinux_2_24_aarch64.manylinux_2_28_aarch64.whl", hash = "sha256:854d00d556406bffe66a4c0802f334c9ad5a96b4f1f868adf036a21b11ef13ff"},
    {file = "pandas-2.3.3-cp39-cp39-manylinux_2_24_x86_64.manylinux_2_28_x86_64.whl", hash = "sha256:bf1f8a81d04ca90e32a0aceb819d34dbd378a98bf923b6398b9a3ec0bf44de29"},
    {file = "pandas-2.3.3-cp39-cp39-musllinux_1_2_aarch64.whl", hash = "sha256:23ebd657a4d38268c7dfbdf089fbc31ea709d82e4923c5ffd4fbd5747133ce73"},
    {file = "pandas-2.3.3-cp39-cp39-musllinux_1_2_x86_64.whl", hash = "sha256:5554c929ccc317d41a5e3d1234f3be588248e61f08a74dd17c9eabb535777dc9"},
    {file = "pandas-2.3.3-cp39-cp39-win_amd64.whl", hash = "sha256:d3e28b3e83862ccf4d85ff19cf8c20b2ae7e503881711ff2d534dc8f761131aa"},
    {file = "pandas-2.3.3.tar.gz", hash = "sha256:e05e1af93b977f7eafa636d043f9f94c7ee3ac81af99c13508215942e64c993b"},
]

[package.dependencies]
numpy = {version = ">=1.26.0", markers = "python_version >= \"3.12\""}
python-dateutil = ">=2.8.2"
pytz = ">=2020.1"
tzdata = ">=2022.7"

[package.extras]
all = ["PyQt5 (>=5.15.9)", "SQLAlchemy (>=2.0.0)", "adbc-driver-postgresql (>=0.8.0)", "adbc-driver-sqlite (>=0.8.0)", "beautifulsoup4 (>=4.11.2)", "bottleneck (>=1.3.6)", "dataframe-api-compat (>=0.1.7)", "fastparquet (>=2022.12.0)", "fsspec (>=2022.11.0)", "gcsfs (>=2022.11.0)", "html5lib (>=1.1)", "hypothesis (>=6.46.1)", "jinja2 (>=3.1.2)", "lxml (>=4.9.2)", "matplotlib (>=3.6.3)", "numba (>=0.56.4)", "numexpr (>=2.8.4)", "odfpy (>=1.4.1)", "openpyxl (>=3.1.0)", "pandas-gbq (>=0.19.0)", "psycopg2 (>=2.9.6)", "pyarrow (>=10.0.1)", "pymysql (>=1.0.2)", "pyreadstat (>=1.2.0)", "pytest (>=7.3.2)", "pytest-xdist (>=2.2.0)", "python-calamine (>=0.1.7)", "pyxlsb (>=1.0.10)", "qtpy (>=2.3.0)", "s3fs (>=2022.11.0)", "scipy (>=1.10.0)", "tables (>=3.8.0)", "tabulate (>=0.9.0)", "xarray (>=2022.12.0)", "xlrd (>=2.0.1)", "xlsxwriter (>=3.0.5)", "zstandard (>=0.19.0)"]
aws = ["s3fs (>=2022.11.0)"]
clipboard = ["PyQt5 (>=5.15.9)", "qtpy (>=2.3.0)"]
compression = ["zstandard (>=0.19.0)"]
computation = ["scipy (>=1.10.0)", "xarray (>=2022.12.0)"]
consortium-standard = ["dataframe-api-compat (>=0.1.7)"]
excel = ["odfpy (>=1.4.1)", "openpyxl (>=3.1.0)", "python-calamine (>=0.1.7)", "pyxlsb (>=1.0.10)", "xlrd (>=2.0.1)", "xlsxwriter (>=3.0.5)"]
feather = ["pyarrow (>=10.0.1)"]
fss = ["fsspec (>=2022.11.0)"]
gcp = ["gcsfs (>=2022.11.0)", "pandas-gbq (>=0.19.0)"]
hdf5 = ["tables (>=3.8.0)"]
html = ["beautifulsoup4 (>=4.11.2)", "html5lib (>=1.1)", "lxml (>=4.9.2)"]
mysql = ["SQLAlchemy (>=2.0.0)", "pymysql (>=1.0.2)"]
output-formatting = ["jinja2 (>=3.1.2)", "tabulate (>=0.9.0)"]
parquet = ["pyarrow (>=10.0.1)"]
performance = ["bottleneck (>=1.3.6)", "numba (>=0.56.4)", "numexpr (>=2.8.4)"]
plot = ["matplotlib (>=3.6.3)"]
postgresql = ["SQLAlchemy (>=2.0.0)", "adbc-driver-postgresql (>=0.8.0)", "psycopg2 (>=2.9.6)"]
pyarrow = ["pyarrow (>=10.0.1)"]
spss = ["pyreadstat (>=1.2.0)"]
sql-other = ["SQLAlchemy (>=2.0.0)", "adbc-driver-postgresql (>=0.8.0)", "adbc-driver-sqlite (>=0.8.0)"]
test = ["hypothesis (>=6.46.1)", "pytest (>=7.3.2)", "pytest-xdist (>=2.2.0)"]
xml = ["lxml (>=4.9.2)"]

[[package]]
name = "pandas"
version = "3.0.1"
description = "Powerful data structures for data analysis, time series, and statistics"
optional = false
python-versions = ">=3.11"
groups = ["main"]
markers = "python_version < \"3.14\""
files = [
    {file = "pandas-3.0.1-cp311-cp311-macosx_10_9_x86_64.whl", hash = "sha256:de09668c1bf3b925c07e5762291602f0d789eca1b3a781f99c1c78f6cac0e7ea"},
    {file = "pandas-3.0.1-cp311-cp311-macosx_11_0_arm64.whl", hash = "sha256:24ba315ba3d6e5806063ac6eb717504e499ce30bd8c236d8693a5fd3f084c796"},
    {file = "pandas-3.0.1-cp311-cp311-manylinux_2_24_aarch64.manylinux_2_28_aarch64.whl", hash = "sha256:406ce835c55bac912f2a0dcfaf27c06d73c6b04a5dde45f1fd3169ce31337389"},
    {file = "pandas-3.0.1-cp311-cp311-manylinux_2_24_x86_64.manylinux_2_28_x86_64.whl", hash = "sha256:830994d7e1f31dd7e790045235605ab61cff6c94defc774547e8b7fdfbff3dc7"},
    {file = "pandas-3.0.1-cp311-cp311-musllinux_1_2_aarch64.whl", hash = "sha256:a64ce8b0f2de1d2efd2ae40b0abe7f8ae6b29fbfb3812098ed5a6f8e235ad9bf"},
    {file = "pandas-3.0.1-cp311-cp311-musllinux_1_2_x86_64.whl", hash = "sha256:9832c2c69da24b602c32e0c7b1b508a03949c18ba08d4d9f1c1033426685b447"},
    {file = "pandas-3.0.1-cp311-cp311-win_amd64.whl", hash = "sha256:84f0904a69e7365f79a0c77d3cdfccbfb05bf87847e3a51a41e1426b0edb9c79"},
    {file = "pandas-3.0.1-cp311-cp311-win_arm64.whl", hash = "sha256:4a68773d5a778afb31d12e34f7dd4612ab90de8c6fb1d8ffe5d4a03b955082a1"},
    {file = "pandas-3.0.1-cp312-cp312-macosx_10_13_x86_64.whl", hash = "sha256:476f84f8c20c9f5bc47252b66b4bb25e1a9fc2fa98cead96744d8116cb85771d"},
    {file = "pandas-3.0.1-cp312-cp312-macosx_11_0_arm64.whl", hash = "sha256:0ab749dfba921edf641d4036c4c21c0b3ea70fea478165cb98a998fb2a261955"},
    {file = "pandas-3.0.1-cp312-cp312-manylinux_2_24_aarch64.manylinux_2_28_aarch64.whl", hash = "sha256:b8e36891080b87823aff3640c78649b91b8ff6eea3c0d70aeabd72ea43ab069b"},
    {file = "pandas-3.0.1-cp312-cp312-manylinux_2_24_x86_64.manylinux_2_28_x86_64.whl", hash = "sha256:532527a701281b9dd371e2f582ed9094f4c12dd9ffb82c0c54ee28d8ac9520c4"},
    {file = "pandas-3.0.1-cp312-cp312-musllinux_1_2_aarch64.whl", hash = "sha256:356e5c055ed9b0da1580d465657bc7d00635af4fd47f30afb23025352ba764d1"},
    {file = "pandas-3.0.1-cp312-cp312-musllinux_1_2_x86_64.whl", hash = "sha256:9d810036895f9ad6345b8f2a338dd6998a74e8483847403582cab67745bff821"},
    {file = "pandas-3.0.1-cp312-cp312-win_amd64.whl", hash = "sha256:536232a5fe26dd989bd633e7a0c450705fdc86a207fec7254a55e9a22950fe43"},
    {file = "pandas-3.0.1-cp312-cp312-win_arm64.whl", hash = "sha256:0f463ebfd8de7f326d38037c7363c6dacb857c5881ab8961fb387804d6daf2f7"},
    {file = "pandas-3.0.1-cp313-cp313-macosx_10_13_x86_64.whl", hash = "sha256:5272627187b5d9c20e55d27caf5f2cd23e286aba25cadf73c8590e432e2b7262"},
    {file = "pandas-3.0.1-cp313-cp313-macosx_11_0_arm64.whl", hash = "sha256:661e0f665932af88c7877f31da0dc743fe9c8f2524bdffe23d24fdcb67ef9d56"},
    {file = "pandas-3.0.1-cp313-cp313-manylinux_2_24_aarch64.manylinux_2_28_aarch64.whl", hash = "sha256:75e6e292ff898679e47a2199172593d9f6107fd2dd3617c22c2946e97d5df46e"},
    {file = "pandas-3.0.1-cp313-cp313-manylinux_2_24_x86_64.manylinux_2_28_x86_64.whl", hash = "sha256:1ff8cf1d2896e34343197685f432450ec99a85ba8d90cce2030c5eee2ef98791"},
    {file = "pandas-3.0.1-cp313-cp313-musllinux_1_2_aarch64.whl", hash = "sha256:eca8b4510f6763f3d37359c2105df03a7a221a508f30e396a51d0713d462e68a"},
    {file = "pandas-3.0.1-cp313-cp313-musllinux_1_2_x86_64.whl", hash = "sha256:06aff2ad6f0b94a17822cf8b83bbb563b090ed82ff4fe7712db2ce57cd50d9b8"},
    {file = "pandas-3.0.1-cp313-cp313-win_amd64.whl", hash = "sha256:9fea306c783e28884c29057a1d9baa11a349bbf99538ec1da44c8476563d1b25"},
    {file = "pandas-3.0.1-cp313-cp313-win_arm64.whl", hash = "sha256:a8d37a43c52917427e897cb2e429f67a449327394396a81034a4449b99afda59"},
    {file = "pandas-3.0.1-cp313-cp313t-macosx_10_13_x86_64.whl", hash = "sha256:d54855f04f8246ed7b6fc96b05d4871591143c46c0b6f4af874764ed0d2d6f06"},
    {file = "pandas-3.0.1-cp313-cp313t-macosx_11_0_arm64.whl", hash = "sha256:4e1b677accee34a09e0dc2ce5624e4a58a1870ffe56fc021e9caf7f23cd7668f"},
    {file = "pandas-3.0.1-cp313-cp313t-manylinux_2_24_aarch64.manylinux_2_28_aarch64.whl", hash = "sha256:a9cabbdcd03f1b6cd254d6dda8ae09b0252524be1592594c00b7895916cb1324"},
    {file = "pandas-3.0.1-cp313-cp313t-manylinux_2_24_x86_64.manylinux_2_28_x86_64.whl", hash = "sha256:5ae2ab1f166668b41e770650101e7090824fd34d17915dd9cd479f5c5e0065e9"},
    {file = "pandas-3.0.1-cp313-cp313t-musllinux_1_2_aarch64.whl", hash = "sha256:6bf0603c2e30e2cafac32807b06435f28741135cb8697eae8b28c7d492fc7d76"},
    {file = "pandas-3.0.1-cp313-cp313t-musllinux_1_2_x86_64.whl", hash = "sha256:6c426422973973cae1f4a23e51d4ae85974f44871b24844e4f7de752dd877098"},
    {file = "pandas-3.0.1-cp313-cp313t-win_amd64.whl", hash = "sha256:b03f91ae8c10a85c1613102c7bef5229b5379f343030a3ccefeca8a33414cf35"},
    {file = "pandas-3.0.1-cp314-cp314-macosx_10_15_x86_64.whl", hash = "sha256:99d0f92ed92d3083d140bf6b97774f9f13863924cf3f52a70711f4e7588f9d0a"},
    {file = "pandas-3.0.1-cp314-cp314-macosx_11_0_arm64.whl", hash = "sha256:3b66857e983208654294bb6477b8a63dee26b37bdd0eb34d010556e91261784f"},
    {file = "pandas-3.0.1-cp314-cp314-manylinux_2_24_aarch64.manylinux_2_28_aarch64.whl", hash = "sha256:56cf59638bf24dc9bdf2154c81e248b3289f9a09a6d04e63608c159022352749"},
    {file = "pandas-3.0.1-cp314-cp314-manylinux_2_24_x86_64.manylinux_2_28_x86_64.whl", hash = "sha256:c1a9f55e0f46951874b863d1f3906dcb57df2d9be5c5847ba4dfb55b2c815249"},
    {file = "pandas-3.0.1-cp314-cp314-musllinux_1_2_aarch64.whl", hash = "sha256:1849f0bba9c8a2fb0f691d492b834cc8dadf617e29015c66e989448d58d011ee"},
    {file = "pandas-3.0.1-cp314-cp314-musllinux_1_2_x86_64.whl", hash = "sha256:c3d288439e11b5325b02ae6e9cc83e6805a62c40c5a6220bea9beb899c073b1c"},
    {file = "pandas-3.0.1-cp314-cp314-win_amd64.whl", hash = "sha256:93325b0fe372d192965f4cca88d97667f49557398bbf94abdda3bf1b591dbe66"},
    {file = "pandas-3.0.1-cp314-cp314-win_arm64.whl", hash = "sha256:97ca08674e3287c7148f4858b01136f8bdfe7202ad25ad04fec602dd1d29d132"},
    {file = "pandas-3.0.1-cp314-cp314t-macosx_10_15_x86_64.whl", hash = "sha256:58eeb1b2e0fb322befcf2bbc9ba0af41e616abadb3d3414a6bc7167f6cbfce32"},
    {file = "pandas-3.0.1-cp314-cp314t-macosx_11_0_arm64.whl", hash = "sha256:cd9af1276b5ca9e298bd79a26bda32fa9cc87ed095b2a9a60978d2ca058eaf87"},
    {file = "pandas-3.0.1-cp314-cp314t-manylinux_2_24_aarch64.manylinux_2_28_aarch64.whl", hash = "sha256:94f87a04984d6b63788327cd9f79dda62b7f9043909d2440ceccf709249ca988"},
    {file = "pandas-3.0.1-cp314-cp314t-manylinux_2_24_x86_64.manylinux_2_28_x86_64.whl", hash = "sha256:85fe4c4df62e1e20f9db6ebfb88c844b092c22cd5324bdcf94bfa2fc1b391221"},
    {file = "pandas-3.0.1-cp314-cp314t-musllinux_1_2_aarch64.whl", hash = "sha256:331ca75a2f8672c365ae25c0b29e46f5ac0c6551fdace8eec4cd65e4fac271ff"},
    {file = "pandas-3.0.1-cp314-cp314t-musllinux_1_2_x86_64.whl", hash = "sha256:15860b1fdb1973fffade772fdb931ccf9b2f400a3f5665aef94a00445d7d8dd5"},
    {file = "pandas-3.0.1-cp314-cp314t-win_amd64.whl", hash = "sha256:44f1364411d5670efa692b146c748f4ed013df91ee91e9bec5677fb1fd58b937"},
    {file = "pandas-3.0.1-cp314-cp314t-win_arm64.whl", hash = "sha256:108dd1790337a494aa80e38def654ca3f0968cf4f362c85f44c15e471667102d"},
    {file = "pandas-3.0.1.tar.gz", hash = "sha256:4186a699674af418f655dbd420ed87f50d56b4cd6603784279d9eef6627823c8"},
]

[package.dependencies]
numpy = {version = ">=1.26.0", markers = "python_version < \"3.14\""}
python-dateutil = ">=2.8.2"
tzdata = {version = "*", markers = "sys_platform == \"win32\" or sys_platform == \"emscripten\""}

[package.extras]
all = ["PyQt5 (>=5.15.9)", "SQLAlchemy (>=2.0.36)", "adbc-driver-postgresql (>=1.2.0)", "adbc-driver-sqlite (>=1.2.0)", "beautifulsoup4 (>=4.12.3)", "bottleneck (>=1.4.2)", "fastparquet (>=2024.11.0)", "fsspec (>=2024.10.0)", "gcsfs (>=2024.10.0)", "html5lib (>=1.1)", "hypothesis (>=6.116.0)", "jinja2 (>=3.1.5)", "lxml (>=5.3.0)", "matplotlib (>=3.9.3)", "numba (>=0.60.0)", "numexpr (>=2.10.2)", "odfpy (>=1.4.1)", "openpyxl (>=3.1.5)", "psycopg2 (>=2.9.10)", "pyarrow (>=13.0.0)", "pyiceberg (>=0.8.1)", "pymysql (>=1.1.1)", "pyreadstat (>=1.2.8)", "pytest (>=8.3.4)", "pytest-xdist (>=3.6.1)", "python-calamine (>=0.3.0)", "pytz (>=2024.2)", "pyxlsb (>=1.0.10)", "qtpy (>=2.4.2)", "s3fs (>=2024.10.0)", "scipy (>=1.14.1)", "tables (>=3.10.1)", "tabulate (>=0.9.0)", "xarray (>=2024.10.0)", "xlrd (>=2.0.1)", "xlsxwriter (>=3.2.0)", "zstandard (>=0.23.0)"]
aws = ["s3fs (>=2024.10.0)"]
clipboard = ["PyQt5 (>=5.15.9)", "qtpy (>=2.4.2)"]
compression = ["zstandard (>=0.23.0)"]
computation = ["scipy (>=1.14.1)", "xarray (>=2024.10.0)"]
excel = ["odfpy (>=1.4.1)", "openpyxl (>=3.1.5)", "python-calamine (>=0.3.0)", "pyxlsb (>=1.0.10)", "xlrd (>=2.0.1)", "xlsxwriter (>=3.2.0)"]
feather = ["pyarrow (>=13.0.0)"]
fss = ["fsspec (>=2024.10.0)"]
gcp = ["gcsfs (>=2024.10.0)"]
hdf5 = ["tables (>=3.10.1)"]
html = ["beautifulsoup4 (>=4.12.3)", "html5lib (>=1.1)", "lxml (>=5.3.0)"]
iceberg = ["pyiceberg (>=0.8.1)"]
mysql = ["SQLAlchemy (>=2.0.36)", "pymysql (>=1.1.1)"]
output-formatting = ["jinja2 (>=3.1.5)", "tabulate (>=0.9.0)"]
parquet = ["pyarrow (>=13.0.0)"]
performance = ["bottleneck (>=1.4.2)", "numba (>=0.60.0)", "numexpr (>=2.10.2)"]
plot = ["matplotlib (>=3.9.3)"]
postgresql = ["SQLAlchemy (>=2.0.36)", "adbc-driver-postgresql (>=1.2.0)", "psycopg2 (>=2.9.10)"]
pyarrow = ["pyarrow (>=13.0.0)"]
spss = ["pyreadstat (>=1.2.8)"]
sql-other = ["SQLAlchemy (>=2.0.36)", "adbc-driver-postgresql (>=1.2.0)", "adbc-driver-sqlite (>=1.2.0)"]
test = ["hypothesis (>=6.116.0)", "pytest (>=8.3.4)", "pytest-xdist (>=3.6.1)"]
timezone = ["pytz (>=2024.2)"]
xml = ["lxml (>=5.3.0)"]

[[package]]
name = "pluggy"
version = "1.6.0"
description = "plugin and hook calling mechanisms for python"
optional = false
python-versions = ">=3.9"
groups = ["dev"]
files = [
    {file = "pluggy-1.6.0-py3-none-any.whl", hash = "sha256:e920276dd6813095e9377c0bc5566d94c932c33b27a3e3945d8389c374dd4746"},
    {file = "pluggy-1.6.0.tar.gz", hash = "sha256:7dcc130b76258d33b90f61b658791dede3486c3e6bfb003ee5c9bfb396dd22f3"},
]

[package.extras]
dev = ["pre-commit", "tox"]
testing = ["coverage", "pytest", "pytest-benchmark"]

[[package]]
name = "pyarrow"
version = "23.0.1"
description = "Python library for Apache Arrow"
optional = false
python-versions = ">=3.10"
groups = ["main"]
files = [
    {file = "pyarrow-23.0.1-cp310-cp310-macosx_12_0_arm64.whl", hash = "sha256:3fab8f82571844eb3c460f90a75583801d14ca0cc32b1acc8c361650e006fd56"},
    {file = "pyarrow-23.0.1-cp310-cp310-macosx_12_0_x86_64.whl", hash = "sha256:3f91c038b95f71ddfc865f11d5876c42f343b4495535bd262c7b321b0b94507c"},
    {file = "pyarrow-23.0.1-cp310-cp310-manylinux_2_28_aarch64.whl", hash = "sha256:d0744403adabef53c985a7f8a082b502a368510c40d184df349a0a8754533258"},
    {file = "pyarrow-23.0.1-cp310-cp310-manylinux_2_28_x86_64.whl", hash = "sha256:c33b5bf406284fd0bba436ed6f6c3ebe8e311722b441d89397c54f871c6863a2"},
    {file = "pyarrow-23.0.1-cp310-cp310-musllinux_1_2_aarch64.whl", hash = "sha256:ddf743e82f69dcd6dbbcb63628895d7161e04e56794ef80550ac6f3315eeb1d5"},
    {file = "pyarrow-23.0.1-cp310-cp310-musllinux_1_2_x86_64.whl", hash = "sha256:e052a211c5ac9848ae15d5ec875ed0943c0221e2fcfe69eee80b604b4e703222"},
    {file = "pyarrow-23.0.1-cp310-cp310-win_amd64.whl", hash = "sha256:5abde149bb3ce524782d838eb67ac095cd3fd6090eba051130589793f1a7f76d"},
    {file = "pyarrow-23.0.1-cp311-cp311-macosx_12_0_arm64.whl", hash = "sha256:6f0147ee9e0386f519c952cc670eb4a8b05caa594eeffe01af0e25f699e4e9bb"},
    {file = "pyarrow-23.0.1-cp311-cp311-macosx_12_0_x86_64.whl", hash = "sha256:0ae6e17c828455b6265d590100c295193f93cc5675eb0af59e49dbd00d2de350"},
    {file = "pyarrow-23.0.1-cp311-cp311-manylinux_2_28_aarch64.whl", hash = "sha256:fed7020203e9ef273360b9e45be52a2a47d3103caf156a30ace5247ffb51bdbd"},
    {file = "pyarrow-23.0.1-cp311-cp311-manylinux_2_28_x86_64.whl", hash = "sha256:26d50dee49d741ac0e82185033488d28d35be4d763ae6f321f97d1140eb7a0e9"},
    {file = "pyarrow-23.0.1-cp311-cp311-musllinux_1_2_aarch64.whl", hash = "sha256:3c30143b17161310f151f4a2bcfe41b5ff744238c1039338779424e38579d701"},
    {file = "pyarrow-23.0.1-cp311-cp311-musllinux_1_2_x86_64.whl", hash = "sha256:db2190fa79c80a23fdd29fef4b8992893f024ae7c17d2f5f4db7171fa30c2c78"},
    {file = "pyarrow-23.0.1-cp311-cp311-win_amd64.whl", hash = "sha256:f00f993a8179e0e1c9713bcc0baf6d6c01326a406a9c23495ec1ba9c9ebf2919"},
    {file = "pyarrow-23.0.1-cp312-cp312-macosx_12_0_arm64.whl", hash = "sha256:f4b0dbfa124c0bb161f8b5ebb40f1a680b70279aa0c9901d44a2b5a20806039f"},
    {file = "pyarrow-23.0.1-cp312-cp312-macosx_12_0_x86_64.whl", hash = "sha256:7707d2b6673f7de054e2e83d59f9e805939038eebe1763fe811ee8fa5c0cd1a7"},
    {file = "pyarrow-23.0.1-cp312-cp312-manylinux_2_28_aarch64.whl", hash = "sha256:86ff03fb9f1a320266e0de855dee4b17da6794c595d207f89bba40d16b5c78b9"},
    {file = "pyarrow-23.0.1-cp312-cp312-manylinux_2_28_x86_64.whl", hash = "sha256:813d99f31275919c383aab17f0f455a04f5a429c261cc411b1e9a8f5e4aaaa05"},
    {file = "pyarrow-23.0.1-cp312-cp312-musllinux_1_2_aarch64.whl", hash = "sha256:bf5842f960cddd2ef757d486041d57c96483efc295a8c4a0e20e704cbbf39c67"},
    {file = "pyarrow-23.0.1-cp312-cp312-musllinux_1_2_x86_64.whl", hash = "sha256:564baf97c858ecc03ec01a41062e8f4698abc3e6e2acd79c01c2e97880a19730"},
    {file = "pyarrow-23.0.1-cp312-cp312-win_amd64.whl", hash = "sha256:07deae7783782ac7250989a7b2ecde9b3c343a643f82e8a4df03d93b633006f0"},
    {file = "pyarrow-23.0.1-cp313-cp313-macosx_12_0_arm64.whl", hash = "sha256:6b8fda694640b00e8af3c824f99f789e836720aa8c9379fb435d4c4953a756b8"},
    {file = "pyarrow-23.0.1-cp313-cp313-macosx_12_0_x86_64.whl", hash = "sha256:8ff51b1addc469b9444b7c6f3548e19dc931b172ab234e995a60aea9f6e6025f"},
    {file = "pyarrow-23.0.1-cp313-cp313-manylinux_2_28_aarch64.whl", hash = "sha256:71c5be5cbf1e1cb6169d2a0980850bccb558ddc9b747b6206435313c47c37677"},
    {file = "pyarrow-23.0.1-cp313-cp313-manylinux_2_28_x86_64.whl", hash = "sha256:9b6f4f17b43bc39d56fec96e53fe89d94bac3eb134137964371b45352d40d0c2"},
    {file = "pyarrow-23.0.1-cp313-cp313-musllinux_1_2_aarch64.whl", hash = "sha256:9fc13fc6c403d1337acab46a2c4346ca6c9dec5780c3c697cf8abfd5e19b6b37"},
    {file = "pyarrow-23.0.1-cp313-cp313-musllinux_1_2_x86_64.whl", hash = "sha256:5c16ed4f53247fa3ffb12a14d236de4213a4415d127fe9cebed33d51671113e2"},
    {file = "pyarrow-23.0.1-cp313-cp313-win_amd64.whl", hash = "sha256:cecfb12ef629cf6be0b1887f9f86463b0dd3dc3195ae6224e74006be4736035a"},
    {file = "pyarrow-23.0.1-cp313-cp313t-macosx_12_0_arm64.whl", hash = "sha256:29f7f7419a0e30264ea261fdc0e5fe63ce5a6095003db2945d7cd78df391a7e1"},
    {file = "pyarrow-23.0.1-cp313-cp313t-macosx_12_0_x86_64.whl", hash = "sha256:33d648dc25b51fd8055c19e4261e813dfc4d2427f068bcecc8b53d01b81b0500"},
    {file = "pyarrow-23.0.1-cp313-cp313t-manylinux_2_28_aarch64.whl", hash = "sha256:cd395abf8f91c673dd3589cadc8cc1ee4e8674fa61b2e923c8dd215d9c7d1f41"},
    {file = "pyarrow-23.0.1-cp313-cp313t-manylinux_2_28_x86_64.whl", hash = "sha256:00be9576d970c31defb5c32eb72ef585bf600ef6d0a82d5eccaae96639cf9d07"},
    {file = "pyarrow-23.0.1-cp313-cp313t-musllinux_1_2_aarch64.whl", hash = "sha256:c2139549494445609f35a5cda4eb94e2c9e4d704ce60a095b342f82460c73a83"},
    {file = "pyarrow-23.0.1-cp313-cp313t-musllinux_1_2_x86_64.whl", hash = "sha256:7044b442f184d84e2351e5084600f0d7343d6117aabcbc1ac78eb1ae11eb4125"},
    {file = "pyarrow-23.0.1-cp313-cp313t-win_amd64.whl", hash = "sha256:a35581e856a2fafa12f3f54fce4331862b1cfb0bef5758347a858a4aa9d6bae8"},
    {file = "pyarrow-23.0.1-cp314-cp314-macosx_12_0_arm64.whl", hash = "sha256:5df1161da23636a70838099d4aaa65142777185cc0cdba4037a18cee7d8db9ca"},
    {file = "pyarrow-23.0.1-cp314-cp314-macosx_12_0_x86_64.whl", hash = "sha256:fa8e51cb04b9f8c9c5ace6bab63af9a1f88d35c0d6cbf53e8c17c098552285e1"},
    {file = "pyarrow-23.0.1-cp314-cp314-manylinux_2_28_aarch64.whl", hash = "sha256:0b95a3994f015be13c63148fef8832e8a23938128c185ee951c98908a696e0eb"},
    {file = "pyarrow-23.0.1-cp314-cp314-manylinux_2_28_x86_64.whl", hash = "sha256:4982d71350b1a6e5cfe1af742c53dfb759b11ce14141870d05d9e540d13bc5d1"},
    {file = "pyarrow-23.0.1-cp314-cp314-musllinux_1_2_aarch64.whl", hash = "sha256:c250248f1fe266db627921c89b47b7c06fee0489ad95b04d50353537d74d6886"},
    {file = "pyarrow-23.0.1-cp314-cp314-musllinux_1_2_x86_64.whl", hash = "sha256:5f4763b83c11c16e5f4c15601ba6dfa849e20723b46aa2617cb4bffe8768479f"},
    {file = "pyarrow-23.0.1-cp314-cp314-win_amd64.whl", hash = "sha256:3a4c85ef66c134161987c17b147d6bffdca4566f9a4c1d81a0a01cdf08414ea5"},
    {file = "pyarrow-23.0.1-cp314-cp314t-macosx_12_0_arm64.whl", hash = "sha256:17cd28e906c18af486a499422740298c52d7c6795344ea5002a7720b4eadf16d"},
    {file = "pyarrow-23.0.1-cp314-cp314t-macosx_12_0_x86_64.whl", hash = "sha256:76e823d0e86b4fb5e1cf4a58d293036e678b5a4b03539be933d3b31f9406859f"},
    {file = "pyarrow-23.0.1-cp314-cp314t-manylinux_2_28_aarch64.whl", hash = "sha256:a62e1899e3078bf65943078b3ad2a6ddcacf2373bc06379aac61b1e548a75814"},
    {file = "pyarrow-23.0.1-cp314-cp314t-manylinux_2_28_x86_64.whl", hash = "sha256:df088e8f640c9fae3b1f495b3c64755c4e719091caf250f3a74d095ddf3c836d"},
    {file = "pyarrow-23.0.1-cp314-cp314t-musllinux_1_2_aarch64.whl", hash = "sha256:46718a220d64677c93bc243af1d44b55998255427588e400677d7192671845c7"},
    {file = "pyarrow-23.0.1-cp314-cp314t-musllinux_1_2_x86_64.whl", hash = "sha256:a09f3876e87f48bc2f13583ab551f0379e5dfb83210391e68ace404181a20690"},
    {file = "pyarrow-23.0.1-cp314-cp314t-win_amd64.whl", hash = "sha256:527e8d899f14bd15b740cd5a54ad56b7f98044955373a17179d5956ddb93d9ce"},
    {file = "pyarrow-23.0.1.tar.gz", hash = "sha256:b8c5873e33440b2bc2f4a79d2b47017a89c5a24116c055625e6f2ee50523f019"},
]

[[package]]
name = "pybind11"
version = "2.13.6"
description = "Seamless operability between C++11 and Python"
optional = false
python-versions = ">=3.7"
groups = ["main"]
files = [
    {file = "pybind11-2.13.6-py3-none-any.whl", hash = "sha256:237c41e29157b962835d356b370ededd57594a26d5894a795960f0047cb5caf5"},
    {file = "pybind11-2.13.6.tar.gz", hash = "sha256:ba6af10348c12b24e92fa086b39cfba0eff619b61ac77c406167d813b096d39a"},
]

[package.extras]
global = ["pybind11-global (==2.13.6)"]

[[package]]
name = "pygments"
version = "2.19.2"
description = "Pygments is a syntax highlighting package written in Python."
optional = false
python-versions = ">=3.8"
groups = ["dev"]
files = [
    {file = "pygments-2.19.2-py3-none-any.whl", hash = "sha256:86540386c03d588bb81d44bc3928634ff26449851e99741617ecb9037ee5ec0b"},
    {file = "pygments-2.19.2.tar.gz", hash = "sha256:636cb2477cec7f8952536970bc533bc43743542f70392ae026374600add5b887"},
]

[package.extras]
windows-terminal = ["colorama (>=0.4.6)"]

[[package]]
name = "pytest"
version = "8.4.2"
description = "pytest: simple powerful testing with Python"
optional = false
python-versions = ">=3.9"
groups = ["dev"]
files = [
    {file = "pytest-8.4.2-py3-none-any.whl", hash = "sha256:872f880de3fc3a5bdc88a11b39c9710c3497a547cfa9320bc3c5e62fbf272e79"},
    {file = "pytest-8.4.2.tar.gz", hash = "sha256:86c0d0b93306b961d58d62a4db4879f27fe25513d4b969df351abdddb3c30e01"},
]

[package.dependencies]
colorama = {version = ">=0.4", markers = "sys_platform == \"win32\""}
iniconfig = ">=1"
packaging = ">=20"
pluggy = ">=1.5,<2"
pygments = ">=2.7.2"

[package.extras]
dev = ["argcomplete", "attrs (>=19.2)", "hypothesis (>=3.56)", "mock", "requests", "setuptools", "xmlschema"]

[[package]]
name = "python-dateutil"
version = "2.9.0.post0"
description = "Extensions to the standard Python datetime module"
optional = false
python-versions = "!=3.0.*,!=3.1.*,!=3.2.*,>=2.7"
groups = ["main"]
files = [
    {file = "python-dateutil-2.9.0.post0.tar.gz", hash = "sha256:37dd54208da7e1cd875388217d5e00ebd4179249f90fb72437e91a35459a0ad3"},
    {file = "python_dateutil-2.9.0.post0-py2.py3-none-any.whl", hash = "sha256:a8b2bc7bffae282281c8140a97d3aa9c14da0b136dfe83f850eea9a5f7470427"},
]

[package.dependencies]
six = ">=1.5"

[[package]]
name = "pytz"
version = "2025.2"
description = "World timezone definitions, modern and historical"
optional = false
python-versions = "*"
groups = ["main"]
markers = "python_version >= \"3.14\""
files = [
    {file = "pytz-2025.2-py2.py3-none-any.whl", hash = "sha256:5ddf76296dd8c44c26eb8f4b6f35488f3ccbf6fbbd7adee0b7262d43f0ec2f00"},
    {file = "pytz-2025.2.tar.gz", hash = "sha256:360b9e3dbb49a209c21ad61809c7fb453643e048b38924c765813546746e81c3"},
]

[[package]]
name = "six"
version = "1.17.0"
description = "Python 2 and 3 compatibility utilities"
optional = false
python-versions = "!=3.0.*,!=3.1.*,!=3.2.*,>=2.7"
groups = ["main"]
files = [
    {file = "six-1.17.0-py2.py3-none-any.whl", hash = "sha256:4721f391ed90541fddacab5acf947aa0d3dc7d27b2e1e8eda2be8970586c3274"},
    {file = "six-1.17.0.tar.gz", hash = "sha256:ff70335d468e7eb6ec65b95b99d3a2836546063f63acc5171de367e834932a81"},
]

[[package]]
name = "tzdata"
version = "2025.3"
description = "Provider of IANA time zone data"
optional = false
python-versions = ">=2"
groups = ["main"]
markers = "sys_platform == \"win32\" or sys_platform == \"emscripten\" or platform_system == \"Windows\" or python_version >= \"3.14\""
files = [
    {file = "tzdata-2025.3-py2.py3-none-any.whl", hash = "sha256:06a47e5700f3081aab02b2e513160914ff0694bce9947d6b76ebd6bf57cfc5d1"},
    {file = "tzdata-2025.3.tar.gz", hash = "sha256:de39c2ca5dc7b0344f2eba86f49d614019d29f060fc4ebc8a417896a620b56a7"},
]

[metadata]
lock-version = "2.1"
python-versions = "^3.12"
content-hash = "595fd4d8eb0c6b999e144cda8a9e6fee6bc47bba39f75a87f2699c92544f8013"
